// !$*UTF8*$!
{
	archiveVersion = 1;
	classes = {
	};
	objectVersion = 50;
	objects = {

/* Begin PBXBuildFile section */
		D7A260BB2639AE2B00F04DB9 /* AppDelegate.swift in Sources */ = {isa = PBXBuildFile; fileRef = D7A260BA2639AE2B00F04DB9 /* AppDelegate.swift */; };
		D7A260BD2639AE2B00F04DB9 /* SceneDelegate.swift in Sources */ = {isa = PBXBuildFile; fileRef = D7A260BC2639AE2B00F04DB9 /* SceneDelegate.swift */; };
		D7A260BF2639AE2B00F04DB9 /* ViewController.swift in Sources */ = {isa = PBXBuildFile; fileRef = D7A260BE2639AE2B00F04DB9 /* ViewController.swift */; };
		D7A260C22639AE2B00F04DB9 /* Main.storyboard in Resources */ = {isa = PBXBuildFile; fileRef = D7A260C02639AE2B00F04DB9 /* Main.storyboard */; };
		D7A260C42639AE2D00F04DB9 /* Assets.xcassets in Resources */ = {isa = PBXBuildFile; fileRef = D7A260C32639AE2D00F04DB9 /* Assets.xcassets */; };
		D7A260C72639AE2D00F04DB9 /* LaunchScreen.storyboard in Resources */ = {isa = PBXBuildFile; fileRef = D7A260C52639AE2D00F04DB9 /* LaunchScreen.storyboard */; };
		D7A260FB263ACC7600F04DB9 /* Slider.storyboard in Resources */ = {isa = PBXBuildFile; fileRef = D7A260FA263ACC7600F04DB9 /* Slider.storyboard */; };
		D7A26101263ACD2600F04DB9 /* PageControl.storyboard in Resources */ = {isa = PBXBuildFile; fileRef = D7A26100263ACD2600F04DB9 /* PageControl.storyboard */; };
		D7A26104263ACD3200F04DB9 /* Switch.storyboard in Resources */ = {isa = PBXBuildFile; fileRef = D7A26103263ACD3200F04DB9 /* Switch.storyboard */; };
		D7A26109263ACE8800F04DB9 /* SwitchViewController.swift in Sources */ = {isa = PBXBuildFile; fileRef = D7A26108263ACE8800F04DB9 /* SwitchViewController.swift */; };
		D7A2610E263AD1A400F04DB9 /* PageControlViewController.swift in Sources */ = {isa = PBXBuildFile; fileRef = D7A2610D263AD1A400F04DB9 /* PageControlViewController.swift */; };
		D7C92B22263C619B003AF8E8 /* SliderViewController.swift in Sources */ = {isa = PBXBuildFile; fileRef = D7C92B21263C619B003AF8E8 /* SliderViewController.swift */; };
		D7C92B24263C61AD003AF8E8 /* CustomSliderViewController.swift in Sources */ = {isa = PBXBuildFile; fileRef = D7C92B23263C61AD003AF8E8 /* CustomSliderViewController.swift */; };
		D7C92B27263D9C76003AF8E8 /* DatePicker.storyboard in Resources */ = {isa = PBXBuildFile; fileRef = D7C92B26263D9C76003AF8E8 /* DatePicker.storyboard */; };
		D7C92B29263D9CDE003AF8E8 /* DatePieckViewController.swift in Sources */ = {isa = PBXBuildFile; fileRef = D7C92B28263D9CDE003AF8E8 /* DatePieckViewController.swift */; };
		D7C92B2B263D9EC1003AF8E8 /* CountDownTimerViewController.swift in Sources */ = {isa = PBXBuildFile; fileRef = D7C92B2A263D9EC1003AF8E8 /* CountDownTimerViewController.swift */; };
		D7C92B2F263DAB94003AF8E8 /* ProgressView.storyboard in Resources */ = {isa = PBXBuildFile; fileRef = D7C92B2E263DAB94003AF8E8 /* ProgressView.storyboard */; };
		D7C92B31263DABAB003AF8E8 /* ActivityIndicator.storyboard in Resources */ = {isa = PBXBuildFile; fileRef = D7C92B30263DABAB003AF8E8 /* ActivityIndicator.storyboard */; };
		D7C92B33263DAC34003AF8E8 /* ProgressViewController.swift in Sources */ = {isa = PBXBuildFile; fileRef = D7C92B32263DAC34003AF8E8 /* ProgressViewController.swift */; };
		D7C92B35263DAC54003AF8E8 /* ActivityIndicatorViewController.swift in Sources */ = {isa = PBXBuildFile; fileRef = D7C92B34263DAC54003AF8E8 /* ActivityIndicatorViewController.swift */; };
		D7C92B38263E6A5E003AF8E8 /* Picker.storyboard in Resources */ = {isa = PBXBuildFile; fileRef = D7C92B37263E6A5E003AF8E8 /* Picker.storyboard */; };
		D7C92B3A263E6AA6003AF8E8 /* TextPickerViewController.swift in Sources */ = {isa = PBXBuildFile; fileRef = D7C92B39263E6AA6003AF8E8 /* TextPickerViewController.swift */; };
		D7C92B3E263E8DD9003AF8E8 /* SlotMachinePickerViewController.swift in Sources */ = {isa = PBXBuildFile; fileRef = D7C92B3D263E8DD9003AF8E8 /* SlotMachinePickerViewController.swift */; };
/* End PBXBuildFile section */

/* Begin PBXFileReference section */
		D7A260B72639AE2B00F04DB9 /* ViewControl.app */ = {isa = PBXFileReference; explicitFileType = wrapper.application; includeInIndex = 0; path = ViewControl.app; sourceTree = BUILT_PRODUCTS_DIR; };
		D7A260BA2639AE2B00F04DB9 /* AppDelegate.swift */ = {isa = PBXFileReference; lastKnownFileType = sourcecode.swift; path = AppDelegate.swift; sourceTree = "<group>"; };
		D7A260BC2639AE2B00F04DB9 /* SceneDelegate.swift */ = {isa = PBXFileReference; lastKnownFileType = sourcecode.swift; path = SceneDelegate.swift; sourceTree = "<group>"; };
		D7A260BE2639AE2B00F04DB9 /* ViewController.swift */ = {isa = PBXFileReference; lastKnownFileType = sourcecode.swift; path = ViewController.swift; sourceTree = "<group>"; };
		D7A260C12639AE2B00F04DB9 /* Base */ = {isa = PBXFileReference; lastKnownFileType = file.storyboard; name = Base; path = Base.lproj/Main.storyboard; sourceTree = "<group>"; };
		D7A260C32639AE2D00F04DB9 /* Assets.xcassets */ = {isa = PBXFileReference; lastKnownFileType = folder.assetcatalog; path = Assets.xcassets; sourceTree = "<group>"; };
		D7A260C62639AE2D00F04DB9 /* Base */ = {isa = PBXFileReference; lastKnownFileType = file.storyboard; name = Base; path = Base.lproj/LaunchScreen.storyboard; sourceTree = "<group>"; };
		D7A260C82639AE2D00F04DB9 /* Info.plist */ = {isa = PBXFileReference; lastKnownFileType = text.plist.xml; path = Info.plist; sourceTree = "<group>"; };
		D7A260FA263ACC7600F04DB9 /* Slider.storyboard */ = {isa = PBXFileReference; lastKnownFileType = file.storyboard; path = Slider.storyboard; sourceTree = "<group>"; };
		D7A26100263ACD2600F04DB9 /* PageControl.storyboard */ = {isa = PBXFileReference; lastKnownFileType = file.storyboard; path = PageControl.storyboard; sourceTree = "<group>"; };
		D7A26103263ACD3200F04DB9 /* Switch.storyboard */ = {isa = PBXFileReference; lastKnownFileType = file.storyboard; path = Switch.storyboard; sourceTree = "<group>"; };
		D7A26108263ACE8800F04DB9 /* SwitchViewController.swift */ = {isa = PBXFileReference; lastKnownFileType = sourcecode.swift; path = SwitchViewController.swift; sourceTree = "<group>"; };
		D7A2610D263AD1A400F04DB9 /* PageControlViewController.swift */ = {isa = PBXFileReference; lastKnownFileType = sourcecode.swift; path = PageControlViewController.swift; sourceTree = "<group>"; };
		D7C92B21263C619B003AF8E8 /* SliderViewController.swift */ = {isa = PBXFileReference; lastKnownFileType = sourcecode.swift; path = SliderViewController.swift; sourceTree = "<group>"; };
		D7C92B23263C61AD003AF8E8 /* CustomSliderViewController.swift */ = {isa = PBXFileReference; lastKnownFileType = sourcecode.swift; path = CustomSliderViewController.swift; sourceTree = "<group>"; };
		D7C92B26263D9C76003AF8E8 /* DatePicker.storyboard */ = {isa = PBXFileReference; lastKnownFileType = file.storyboard; path = DatePicker.storyboard; sourceTree = "<group>"; };
		D7C92B28263D9CDE003AF8E8 /* DatePieckViewController.swift */ = {isa = PBXFileReference; lastKnownFileType = sourcecode.swift; path = DatePieckViewController.swift; sourceTree = "<group>"; };
		D7C92B2A263D9EC1003AF8E8 /* CountDownTimerViewController.swift */ = {isa = PBXFileReference; lastKnownFileType = sourcecode.swift; path = CountDownTimerViewController.swift; sourceTree = "<group>"; };
		D7C92B2E263DAB94003AF8E8 /* ProgressView.storyboard */ = {isa = PBXFileReference; lastKnownFileType = file.storyboard; path = ProgressView.storyboard; sourceTree = "<group>"; };
		D7C92B30263DABAB003AF8E8 /* ActivityIndicator.storyboard */ = {isa = PBXFileReference; lastKnownFileType = file.storyboard; path = ActivityIndicator.storyboard; sourceTree = "<group>"; };
		D7C92B32263DAC34003AF8E8 /* ProgressViewController.swift */ = {isa = PBXFileReference; lastKnownFileType = sourcecode.swift; path = ProgressViewController.swift; sourceTree = "<group>"; };
		D7C92B34263DAC54003AF8E8 /* ActivityIndicatorViewController.swift */ = {isa = PBXFileReference; lastKnownFileType = sourcecode.swift; path = ActivityIndicatorViewController.swift; sourceTree = "<group>"; };
		D7C92B37263E6A5E003AF8E8 /* Picker.storyboard */ = {isa = PBXFileReference; lastKnownFileType = file.storyboard; path = Picker.storyboard; sourceTree = "<group>"; };
		D7C92B39263E6AA6003AF8E8 /* TextPickerViewController.swift */ = {isa = PBXFileReference; lastKnownFileType = sourcecode.swift; path = TextPickerViewController.swift; sourceTree = "<group>"; };
		D7C92B3D263E8DD9003AF8E8 /* SlotMachinePickerViewController.swift */ = {isa = PBXFileReference; lastKnownFileType = sourcecode.swift; path = SlotMachinePickerViewController.swift; sourceTree = "<group>"; };
/* End PBXFileReference section */

/* Begin PBXFrameworksBuildPhase section */
		D7A260B42639AE2B00F04DB9 /* Frameworks */ = {
			isa = PBXFrameworksBuildPhase;
			buildActionMask = 2147483647;
			files = (
			);
			runOnlyForDeploymentPostprocessing = 0;
		};
/* End PBXFrameworksBuildPhase section */

/* Begin PBXGroup section */
		D7A260AE2639AE2B00F04DB9 = {
			isa = PBXGroup;
			children = (
				D7A260B92639AE2B00F04DB9 /* ViewControl */,
				D7A260B82639AE2B00F04DB9 /* Products */,
			);
			sourceTree = "<group>";
		};
		D7A260B82639AE2B00F04DB9 /* Products */ = {
			isa = PBXGroup;
			children = (
				D7A260B72639AE2B00F04DB9 /* ViewControl.app */,
			);
			name = Products;
			sourceTree = "<group>";
		};
		D7A260B92639AE2B00F04DB9 /* ViewControl */ = {
			isa = PBXGroup;
			children = (
				D7C92B36263E6A1F003AF8E8 /* Picker  */,
				D7C92B2D263DAB57003AF8E8 /* Activity Indicator */,
				D7C92B2C263DAB47003AF8E8 /* Progress View */,
				D7C92B25263D9C5B003AF8E8 /* Date Picker */,
				D7A260FF263ACD0700F04DB9 /* Page Control */,
				D7A260FE263ACCFA00F04DB9 /* Switch */,
				D7A260F9263ACC6600F04DB9 /* Slider */,
				D7A260BA2639AE2B00F04DB9 /* AppDelegate.swift */,
				D7A260BC2639AE2B00F04DB9 /* SceneDelegate.swift */,
				D7A260BE2639AE2B00F04DB9 /* ViewController.swift */,
				D7A260C32639AE2D00F04DB9 /* Assets.xcassets */,
				D7A260C02639AE2B00F04DB9 /* Main.storyboard */,
				D7A260C52639AE2D00F04DB9 /* LaunchScreen.storyboard */,
				D7A260C82639AE2D00F04DB9 /* Info.plist */,
			);
			path = ViewControl;
			sourceTree = "<group>";
		};
		D7A260F9263ACC6600F04DB9 /* Slider */ = {
			isa = PBXGroup;
			children = (
				D7A260FA263ACC7600F04DB9 /* Slider.storyboard */,
				D7C92B21263C619B003AF8E8 /* SliderViewController.swift */,
				D7C92B23263C61AD003AF8E8 /* CustomSliderViewController.swift */,
			);
			path = Slider;
			sourceTree = "<group>";
		};
		D7A260FE263ACCFA00F04DB9 /* Switch */ = {
			isa = PBXGroup;
			children = (
				D7A26103263ACD3200F04DB9 /* Switch.storyboard */,
				D7A26108263ACE8800F04DB9 /* SwitchViewController.swift */,
			);
			path = Switch;
			sourceTree = "<group>";
		};
		D7A260FF263ACD0700F04DB9 /* Page Control */ = {
			isa = PBXGroup;
			children = (
				D7A26100263ACD2600F04DB9 /* PageControl.storyboard */,
				D7A2610D263AD1A400F04DB9 /* PageControlViewController.swift */,
			);
			path = "Page Control";
			sourceTree = "<group>";
		};
		D7C92B25263D9C5B003AF8E8 /* Date Picker */ = {
			isa = PBXGroup;
			children = (
				D7C92B26263D9C76003AF8E8 /* DatePicker.storyboard */,
				D7C92B28263D9CDE003AF8E8 /* DatePieckViewController.swift */,
				D7C92B2A263D9EC1003AF8E8 /* CountDownTimerViewController.swift */,
			);
			path = "Date Picker";
			sourceTree = "<group>";
		};
		D7C92B2C263DAB47003AF8E8 /* Progress View */ = {
			isa = PBXGroup;
			children = (
				D7C92B2E263DAB94003AF8E8 /* ProgressView.storyboard */,
				D7C92B32263DAC34003AF8E8 /* ProgressViewController.swift */,
			);
			path = "Progress View";
			sourceTree = "<group>";
		};
		D7C92B2D263DAB57003AF8E8 /* Activity Indicator */ = {
			isa = PBXGroup;
			children = (
				D7C92B30263DABAB003AF8E8 /* ActivityIndicator.storyboard */,
				D7C92B34263DAC54003AF8E8 /* ActivityIndicatorViewController.swift */,
			);
			path = "Activity Indicator";
			sourceTree = "<group>";
		};
		D7C92B36263E6A1F003AF8E8 /* Picker  */ = {
			isa = PBXGroup;
			children = (
				D7C92B37263E6A5E003AF8E8 /* Picker.storyboard */,
				D7C92B39263E6AA6003AF8E8 /* TextPickerViewController.swift */,
				D7C92B3D263E8DD9003AF8E8 /* SlotMachinePickerViewController.swift */,
			);
			path = "Picker ";
			sourceTree = "<group>";
		};
/* End PBXGroup section */

/* Begin PBXNativeTarget section */
		D7A260B62639AE2B00F04DB9 /* ViewControl */ = {
			isa = PBXNativeTarget;
			buildConfigurationList = D7A260CB2639AE2D00F04DB9 /* Build configuration list for PBXNativeTarget "ViewControl" */;
			buildPhases = (
				D7A260B32639AE2B00F04DB9 /* Sources */,
				D7A260B42639AE2B00F04DB9 /* Frameworks */,
				D7A260B52639AE2B00F04DB9 /* Resources */,
			);
			buildRules = (
			);
			dependencies = (
			);
			name = ViewControl;
			productName = ViewControl;
			productReference = D7A260B72639AE2B00F04DB9 /* ViewControl.app */;
			productType = "com.apple.product-type.application";
		};
/* End PBXNativeTarget section */

/* Begin PBXProject section */
		D7A260AF2639AE2B00F04DB9 /* Project object */ = {
			isa = PBXProject;
			attributes = {
				LastSwiftUpdateCheck = 1240;
				LastUpgradeCheck = 1240;
				TargetAttributes = {
					D7A260B62639AE2B00F04DB9 = {
						CreatedOnToolsVersion = 12.4;
					};
				};
			};
			buildConfigurationList = D7A260B22639AE2B00F04DB9 /* Build configuration list for PBXProject "ViewControl" */;
			compatibilityVersion = "Xcode 9.3";
			developmentRegion = en;
			hasScannedForEncodings = 0;
			knownRegions = (
				en,
				Base,
			);
			mainGroup = D7A260AE2639AE2B00F04DB9;
			productRefGroup = D7A260B82639AE2B00F04DB9 /* Products */;
			projectDirPath = "";
			projectRoot = "";
			targets = (
				D7A260B62639AE2B00F04DB9 /* ViewControl */,
			);
		};
/* End PBXProject section */

/* Begin PBXResourcesBuildPhase section */
		D7A260B52639AE2B00F04DB9 /* Resources */ = {
			isa = PBXResourcesBuildPhase;
			buildActionMask = 2147483647;
			files = (
				D7C92B38263E6A5E003AF8E8 /* Picker.storyboard in Resources */,
				D7A260C72639AE2D00F04DB9 /* LaunchScreen.storyboard in Resources */,
				D7A260C42639AE2D00F04DB9 /* Assets.xcassets in Resources */,
				D7A26104263ACD3200F04DB9 /* Switch.storyboard in Resources */,
				D7C92B27263D9C76003AF8E8 /* DatePicker.storyboard in Resources */,
				D7C92B31263DABAB003AF8E8 /* ActivityIndicator.storyboard in Resources */,
				D7A260C22639AE2B00F04DB9 /* Main.storyboard in Resources */,
				D7A26101263ACD2600F04DB9 /* PageControl.storyboard in Resources */,
				D7C92B2F263DAB94003AF8E8 /* ProgressView.storyboard in Resources */,
				D7A260FB263ACC7600F04DB9 /* Slider.storyboard in Resources */,
			);
			runOnlyForDeploymentPostprocessing = 0;
		};
/* End PBXResourcesBuildPhase section */

/* Begin PBXSourcesBuildPhase section */
		D7A260B32639AE2B00F04DB9 /* Sources */ = {
			isa = PBXSourcesBuildPhase;
			buildActionMask = 2147483647;
			files = (
				D7A260BF2639AE2B00F04DB9 /* ViewController.swift in Sources */,
				D7C92B3E263E8DD9003AF8E8 /* SlotMachinePickerViewController.swift in Sources */,
				D7C92B29263D9CDE003AF8E8 /* DatePieckViewController.swift in Sources */,
				D7A260BB2639AE2B00F04DB9 /* AppDelegate.swift in Sources */,
				D7C92B35263DAC54003AF8E8 /* ActivityIndicatorViewController.swift in Sources */,
				D7A2610E263AD1A400F04DB9 /* PageControlViewController.swift in Sources */,
				D7C92B22263C619B003AF8E8 /* SliderViewController.swift in Sources */,
				D7C92B33263DAC34003AF8E8 /* ProgressViewController.swift in Sources */,
				D7A26109263ACE8800F04DB9 /* SwitchViewController.swift in Sources */,
				D7C92B24263C61AD003AF8E8 /* CustomSliderViewController.swift in Sources */,
				D7C92B2B263D9EC1003AF8E8 /* CountDownTimerViewController.swift in Sources */,
				D7A260BD2639AE2B00F04DB9 /* SceneDelegate.swift in Sources */,
				D7C92B3A263E6AA6003AF8E8 /* TextPickerViewController.swift in Sources */,
			);
			runOnlyForDeploymentPostprocessing = 0;
		};
/* End PBXSourcesBuildPhase section */

/* Begin PBXVariantGroup section */
		D7A260C02639AE2B00F04DB9 /* Main.storyboard */ = {
			isa = PBXVariantGroup;
			children = (
				D7A260C12639AE2B00F04DB9 /* Base */,
			);
			name = Main.storyboard;
			sourceTree = "<group>";
		};
		D7A260C52639AE2D00F04DB9 /* LaunchScreen.storyboard */ = {
			isa = PBXVariantGroup;
			children = (
				D7A260C62639AE2D00F04DB9 /* Base */,
			);
			name = LaunchScreen.storyboard;
			sourceTree = "<group>";
		};
/* End PBXVariantGroup section */

/* Begin XCBuildConfiguration section */
		D7A260C92639AE2D00F04DB9 /* Debug */ = {
			isa = XCBuildConfiguration;
			buildSettings = {
				ALWAYS_SEARCH_USER_PATHS = NO;
				CLANG_ANALYZER_NONNULL = YES;
				CLANG_ANALYZER_NUMBER_OBJECT_CONVERSION = YES_AGGRESSIVE;
				CLANG_CXX_LANGUAGE_STANDARD = "gnu++14";
				CLANG_CXX_LIBRARY = "libc++";
				CLANG_ENABLE_MODULES = YES;
				CLANG_ENABLE_OBJC_ARC = YES;
				CLANG_ENABLE_OBJC_WEAK = YES;
				CLANG_WARN_BLOCK_CAPTURE_AUTORELEASING = YES;
				CLANG_WARN_BOOL_CONVERSION = YES;
				CLANG_WARN_COMMA = YES;
				CLANG_WARN_CONSTANT_CONVERSION = YES;
				CLANG_WARN_DEPRECATED_OBJC_IMPLEMENTATIONS = YES;
				CLANG_WARN_DIRECT_OBJC_ISA_USAGE = YES_ERROR;
				CLANG_WARN_DOCUMENTATION_COMMENTS = YES;
				CLANG_WARN_EMPTY_BODY = YES;
				CLANG_WARN_ENUM_CONVERSION = YES;
				CLANG_WARN_INFINITE_RECURSION = YES;
				CLANG_WARN_INT_CONVERSION = YES;
				CLANG_WARN_NON_LITERAL_NULL_CONVERSION = YES;
				CLANG_WARN_OBJC_IMPLICIT_RETAIN_SELF = YES;
				CLANG_WARN_OBJC_LITERAL_CONVERSION = YES;
				CLANG_WARN_OBJC_ROOT_CLASS = YES_ERROR;
				CLANG_WARN_QUOTED_INCLUDE_IN_FRAMEWORK_HEADER = YES;
				CLANG_WARN_RANGE_LOOP_ANALYSIS = YES;
				CLANG_WARN_STRICT_PROTOTYPES = YES;
				CLANG_WARN_SUSPICIOUS_MOVE = YES;
				CLANG_WARN_UNGUARDED_AVAILABILITY = YES_AGGRESSIVE;
				CLANG_WARN_UNREACHABLE_CODE = YES;
				CLANG_WARN__DUPLICATE_METHOD_MATCH = YES;
				COPY_PHASE_STRIP = NO;
				DEBUG_INFORMATION_FORMAT = dwarf;
				ENABLE_STRICT_OBJC_MSGSEND = YES;
				ENABLE_TESTABILITY = YES;
				GCC_C_LANGUAGE_STANDARD = gnu11;
				GCC_DYNAMIC_NO_PIC = NO;
				GCC_NO_COMMON_BLOCKS = YES;
				GCC_OPTIMIZATION_LEVEL = 0;
				GCC_PREPROCESSOR_DEFINITIONS = (
					"DEBUG=1",
					"$(inherited)",
				);
				GCC_WARN_64_TO_32_BIT_CONVERSION = YES;
				GCC_WARN_ABOUT_RETURN_TYPE = YES_ERROR;
				GCC_WARN_UNDECLARED_SELECTOR = YES;
				GCC_WARN_UNINITIALIZED_AUTOS = YES_AGGRESSIVE;
				GCC_WARN_UNUSED_FUNCTION = YES;
				GCC_WARN_UNUSED_VARIABLE = YES;
				IPHONEOS_DEPLOYMENT_TARGET = 14.4;
				MTL_ENABLE_DEBUG_INFO = INCLUDE_SOURCE;
				MTL_FAST_MATH = YES;
				ONLY_ACTIVE_ARCH = YES;
				SDKROOT = iphoneos;
				SWIFT_ACTIVE_COMPILATION_CONDITIONS = DEBUG;
				SWIFT_OPTIMIZATION_LEVEL = "-Onone";
			};
			name = Debug;
		};
		D7A260CA2639AE2D00F04DB9 /* Release */ = {
			isa = XCBuildConfiguration;
			buildSettings = {
				ALWAYS_SEARCH_USER_PATHS = NO;
				CLANG_ANALYZER_NONNULL = YES;
				CLANG_ANALYZER_NUMBER_OBJECT_CONVERSION = YES_AGGRESSIVE;
				CLANG_CXX_LANGUAGE_STANDARD = "gnu++14";
				CLANG_CXX_LIBRARY = "libc++";
				CLANG_ENABLE_MODULES = YES;
				CLANG_ENABLE_OBJC_ARC = YES;
				CLANG_ENABLE_OBJC_WEAK = YES;
				CLANG_WARN_BLOCK_CAPTURE_AUTORELEASING = YES;
				CLANG_WARN_BOOL_CONVERSION = YES;
				CLANG_WARN_COMMA = YES;
				CLANG_WARN_CONSTANT_CONVERSION = YES;
				CLANG_WARN_DEPRECATED_OBJC_IMPLEMENTATIONS = YES;
				CLANG_WARN_DIRECT_OBJC_ISA_USAGE = YES_ERROR;
				CLANG_WARN_DOCUMENTATION_COMMENTS = YES;
				CLANG_WARN_EMPTY_BODY = YES;
				CLANG_WARN_ENUM_CONVERSION = YES;
				CLANG_WARN_INFINITE_RECURSION = YES;
				CLANG_WARN_INT_CONVERSION = YES;
				CLANG_WARN_NON_LITERAL_NULL_CONVERSION = YES;
				CLANG_WARN_OBJC_IMPLICIT_RETAIN_SELF = YES;
				CLANG_WARN_OBJC_LITERAL_CONVERSION = YES;
				CLANG_WARN_OBJC_ROOT_CLASS = YES_ERROR;
				CLANG_WARN_QUOTED_INCLUDE_IN_FRAMEWORK_HEADER = YES;
				CLANG_WARN_RANGE_LOOP_ANALYSIS = YES;
				CLANG_WARN_STRICT_PROTOTYPES = YES;
				CLANG_WARN_SUSPICIOUS_MOVE = YES;
				CLANG_WARN_UNGUARDED_AVAILABILITY = YES_AGGRESSIVE;
				CLANG_WARN_UNREACHABLE_CODE = YES;
				CLANG_WARN__DUPLICATE_METHOD_MATCH = YES;
				COPY_PHASE_STRIP = NO;
				DEBUG_INFORMATION_FORMAT = "dwarf-with-dsym";
				ENABLE_NS_ASSERTIONS = NO;
				ENABLE_STRICT_OBJC_MSGSEND = YES;
				GCC_C_LANGUAGE_STANDARD = gnu11;
				GCC_NO_COMMON_BLOCKS = YES;
				GCC_WARN_64_TO_32_BIT_CONVERSION = YES;
				GCC_WARN_ABOUT_RETURN_TYPE = YES_ERROR;
				GCC_WARN_UNDECLARED_SELECTOR = YES;
				GCC_WARN_UNINITIALIZED_AUTOS = YES_AGGRESSIVE;
				GCC_WARN_UNUSED_FUNCTION = YES;
				GCC_WARN_UNUSED_VARIABLE = YES;
				IPHONEOS_DEPLOYMENT_TARGET = 14.4;
				MTL_ENABLE_DEBUG_INFO = NO;
				MTL_FAST_MATH = YES;
				SDKROOT = iphoneos;
				SWIFT_COMPILATION_MODE = wholemodule;
				SWIFT_OPTIMIZATION_LEVEL = "-O";
				VALIDATE_PRODUCT = YES;
			};
			name = Release;
		};
		D7A260CC2639AE2D00F04DB9 /* Debug */ = {
			isa = XCBuildConfiguration;
			buildSettings = {
				ASSETCATALOG_COMPILER_APPICON_NAME = AppIcon;
				ASSETCATALOG_COMPILER_GLOBAL_ACCENT_COLOR_NAME = AccentColor;
				CODE_SIGN_STYLE = Automatic;
				DEVELOPMENT_TEAM = F2H5LRKLR5;
				INFOPLIST_FILE = ViewControl/Info.plist;
				IPHONEOS_DEPLOYMENT_TARGET = 13.0;
				LD_RUNPATH_SEARCH_PATHS = (
					"$(inherited)",
					"@executable_path/Frameworks",
				);
				PRODUCT_BUNDLE_IDENTIFIER = com.kims.ViewControl;
				PRODUCT_NAME = "$(TARGET_NAME)";
				SWIFT_VERSION = 5.0;
				TARGETED_DEVICE_FAMILY = "1,2";
			};
			name = Debug;
		};
		D7A260CD2639AE2D00F04DB9 /* Release */ = {
			isa = XCBuildConfiguration;
			buildSettings = {
				ASSETCATALOG_COMPILER_APPICON_NAME = AppIcon;
				ASSETCATALOG_COMPILER_GLOBAL_ACCENT_COLOR_NAME = AccentColor;
				CODE_SIGN_STYLE = Automatic;
				DEVELOPMENT_TEAM = F2H5LRKLR5;
				INFOPLIST_FILE = ViewControl/Info.plist;
				IPHONEOS_DEPLOYMENT_TARGET = 13.0;
				LD_RUNPATH_SEARCH_PATHS = (
					"$(inherited)",
					"@executable_path/Frameworks",
				);
				PRODUCT_BUNDLE_IDENTIFIER = com.kims.ViewControl;
				PRODUCT_NAME = "$(TARGET_NAME)";
				SWIFT_VERSION = 5.0;
				TARGETED_DEVICE_FAMILY = "1,2";
			};
			name = Release;
		};
/* End XCBuildConfiguration section */

/* Begin XCConfigurationList section */
		D7A260B22639AE2B00F04DB9 /* Build configuration list for PBXProject "ViewControl" */ = {
			isa = XCConfigurationList;
			buildConfigurations = (
				D7A260C92639AE2D00F04DB9 /* Debug */,
				D7A260CA2639AE2D00F04DB9 /* Release */,
			);
			defaultConfigurationIsVisible = 0;
			defaultConfigurationName = Release;
		};
		D7A260CB2639AE2D00F04DB9 /* Build configuration list for PBXNativeTarget "ViewControl" */ = {
			isa = XCConfigurationList;
			buildConfigurations = (
				D7A260CC2639AE2D00F04DB9 /* Debug */,
				D7A260CD2639AE2D00F04DB9 /* Release */,
			);
			defaultConfigurationIsVisible = 0;
			defaultConfigurationName = Release;
		};
/* End XCConfigurationList section */
	};
	rootObject = D7A260AF2639AE2B00F04DB9 /* Project object */;
}
